
Microsoft Visual Studio Solution File, Format Version 12.00
# Visual Studio 15
VisualStudioVersion = 15.0.26430.6
MinimumVisualStudioVersion = 10.0.40219.1
Project("{00D1A9C2-B5F0-4AF3-8072-F6C62B433612}") = "Database", "Database\Database.sqlproj", "{F9436FCD-D7FA-4A51-8B5B-C8B0BFDC7A7D}"
EndProject
Project("{FAE04EC0-301F-11D3-BF4B-00C04F79EFBC}") = "MLRunner", "MLRunner\MLRunner.csproj", "{6E399415-82E4-4E0F-AFE4-924F164B0D2E}"
EndProject
Global
	GlobalSection(SolutionConfigurationPlatforms) = preSolution
		Debug|Any CPU = Debug|Any CPU
		Release|Any CPU = Release|Any CPU
	EndGlobalSection
	GlobalSection(ProjectConfigurationPlatforms) = postSolution
		{F9436FCD-D7FA-4A51-8B5B-C8B0BFDC7A7D}.Debug|Any CPU.ActiveCfg = Debug|Any CPU
		{F9436FCD-D7FA-4A51-8B5B-C8B0BFDC7A7D}.Debug|Any CPU.Build.0 = Debug|Any CPU
		{F9436FCD-D7FA-4A51-8B5B-C8B0BFDC7A7D}.Debug|Any CPU.Deploy.0 = Debug|Any CPU
		{F9436FCD-D7FA-4A51-8B5B-C8B0BFDC7A7D}.Release|Any CPU.ActiveCfg = Release|Any CPU
		{F9436FCD-D7FA-4A51-8B5B-C8B0BFDC7A7D}.Release|Any CPU.Build.0 = Release|Any CPU
		{F9436FCD-D7FA-4A51-8B5B-C8B0BFDC7A7D}.Release|Any CPU.Deploy.0 = Release|Any CPU
		{6E399415-82E4-4E0F-AFE4-924F164B0D2E}.Debug|Any CPU.ActiveCfg = Debug|Any CPU
		{6E399415-82E4-4E0F-AFE4-924F164B0D2E}.Debug|Any CPU.Build.0 = Debug|Any CPU
		{6E399415-82E4-4E0F-AFE4-924F164B0D2E}.Release|Any CPU.ActiveCfg = Release|Any CPU
		{6E399415-82E4-4E0F-AFE4-924F164B0D2E}.Release|Any CPU.Build.0 = Release|Any CPU
	EndGlobalSection
	GlobalSection(SolutionProperties) = preSolution
		HideSolutionNode = FALSE
	EndGlobalSection
EndGlobal
